
Microsoft Visual Studio Solution File, Format Version 12.00
# Visual Studio Version 16
VisualStudioVersion = 16.0.32901.82
MinimumVisualStudioVersion = 10.0.40219.1
Project("{FAE04EC0-301F-11D3-BF4B-00C04F79EFBC}") = "Pregunta1", "Pregunta1\Pregunta1.csproj", "{FCEA345B-B5F0-4266-8BC2-1E9A3C8172AB}"
EndProject
Global
	GlobalSection(SolutionConfigurationPlatforms) = preSolution
		Debug|Any CPU = Debug|Any CPU
		Release|Any CPU = Release|Any CPU
	EndGlobalSection
	GlobalSection(ProjectConfigurationPlatforms) = postSolution
		{FCEA345B-B5F0-4266-8BC2-1E9A3C8172AB}.Debug|Any CPU.ActiveCfg = Debug|Any CPU
		{FCEA345B-B5F0-4266-8BC2-1E9A3C8172AB}.Debug|Any CPU.Build.0 = Debug|Any CPU
		{FCEA345B-B5F0-4266-8BC2-1E9A3C8172AB}.Release|Any CPU.ActiveCfg = Release|Any CPU
		{FCEA345B-B5F0-4266-8BC2-1E9A3C8172AB}.Release|Any CPU.Build.0 = Release|Any CPU
	EndGlobalSection
	GlobalSection(SolutionProperties) = preSolution
		HideSolutionNode = FALSE
	EndGlobalSection
	GlobalSection(ExtensibilityGlobals) = postSolution
		SolutionGuid = {82C9B0A9-5710-4CA5-8A6B-2B9462749DB4}
	EndGlobalSection
EndGlobal
